
Microsoft Visual Studio Solution File, Format Version 12.00
# Visual Studio Version 17
VisualStudioVersion = 17.10.35013.160
MinimumVisualStudioVersion = 10.0.40219.1
Project("{FAE04EC0-301F-11D3-BF4B-00C04F79EFBC}") = "HM", "HM\HM.csproj", "{A87F5AB8-A0D2-44D2-AEF0-1EB8E231D759}"
EndProject
Global
	GlobalSection(SolutionConfigurationPlatforms) = preSolution
		Debug|Any CPU = Debug|Any CPU
		Release|Any CPU = Release|Any CPU
	EndGlobalSection
	GlobalSection(ProjectConfigurationPlatforms) = postSolution
		{A87F5AB8-A0D2-44D2-AEF0-1EB8E231D759}.Debug|Any CPU.ActiveCfg = Debug|Any CPU
		{A87F5AB8-A0D2-44D2-AEF0-1EB8E231D759}.Debug|Any CPU.Build.0 = Debug|Any CPU
		{A87F5AB8-A0D2-44D2-AEF0-1EB8E231D759}.Release|Any CPU.ActiveCfg = Release|Any CPU
		{A87F5AB8-A0D2-44D2-AEF0-1EB8E231D759}.Release|Any CPU.Build.0 = Release|Any CPU
	EndGlobalSection
	GlobalSection(SolutionProperties) = preSolution
		HideSolutionNode = FALSE
	EndGlobalSection
	GlobalSection(ExtensibilityGlobals) = postSolution
		SolutionGuid = {EE08F8B7-002F-4361-A8E2-4916AD1B2BDB}
	EndGlobalSection
EndGlobal
